PODS:
  - VideoPlayerKit (1.0.0)

DEPENDENCIES:
  - VideoPlayerKit (from `git@github.com:silvansky/VideoPlayerKit.git`)

EXTERNAL SOURCES:
  VideoPlayerKit:
    :git: git@github.com:silvansky/VideoPlayerKit.git

SPEC CHECKSUMS:
  VideoPlayerKit: 6d0d9c4a91391e62bc326408657804e47b0cb4f9

COCOAPODS: 0.33.1
